
Microsoft Visual Studio Solution File, Format Version 12.00
# Visual Studio Version 16
VisualStudioVersion = 16.0.34407.143
MinimumVisualStudioVersion = 10.0.40219.1
Project("{FAE04EC0-301F-11D3-BF4B-00C04F79EFBC}") = "tarea practica 1", "tarea practica 1\tarea practica 1.csproj", "{6E00815D-008A-4714-90D8-458EE8DFF836}"
EndProject
Global
	GlobalSection(SolutionConfigurationPlatforms) = preSolution
		Debug|Any CPU = Debug|Any CPU
		Release|Any CPU = Release|Any CPU
	EndGlobalSection
	GlobalSection(ProjectConfigurationPlatforms) = postSolution
		{6E00815D-008A-4714-90D8-458EE8DFF836}.Debug|Any CPU.ActiveCfg = Debug|Any CPU
		{6E00815D-008A-4714-90D8-458EE8DFF836}.Debug|Any CPU.Build.0 = Debug|Any CPU
		{6E00815D-008A-4714-90D8-458EE8DFF836}.Release|Any CPU.ActiveCfg = Release|Any CPU
		{6E00815D-008A-4714-90D8-458EE8DFF836}.Release|Any CPU.Build.0 = Release|Any CPU
	EndGlobalSection
	GlobalSection(SolutionProperties) = preSolution
		HideSolutionNode = FALSE
	EndGlobalSection
	GlobalSection(ExtensibilityGlobals) = postSolution
		SolutionGuid = {2201103C-DAEC-46DA-BFA7-727210FDD38B}
	EndGlobalSection
EndGlobal
